
Microsoft Visual Studio Solution File, Format Version 12.00
# Visual Studio Version 17
VisualStudioVersion = 17.3.32929.385
MinimumVisualStudioVersion = 10.0.40219.1
Project("{FAE04EC0-301F-11D3-BF4B-00C04F79EFBC}") = "W3 AD", "W3 AD\W3 AD.csproj", "{AA7F5D6A-0515-46C6-80B0-67717A387F4B}"
EndProject
Global
	GlobalSection(SolutionConfigurationPlatforms) = preSolution
		Debug|Any CPU = Debug|Any CPU
		Release|Any CPU = Release|Any CPU
	EndGlobalSection
	GlobalSection(ProjectConfigurationPlatforms) = postSolution
		{AA7F5D6A-0515-46C6-80B0-67717A387F4B}.Debug|Any CPU.ActiveCfg = Debug|Any CPU
		{AA7F5D6A-0515-46C6-80B0-67717A387F4B}.Debug|Any CPU.Build.0 = Debug|Any CPU
		{AA7F5D6A-0515-46C6-80B0-67717A387F4B}.Release|Any CPU.ActiveCfg = Release|Any CPU
		{AA7F5D6A-0515-46C6-80B0-67717A387F4B}.Release|Any CPU.Build.0 = Release|Any CPU
	EndGlobalSection
	GlobalSection(SolutionProperties) = preSolution
		HideSolutionNode = FALSE
	EndGlobalSection
	GlobalSection(ExtensibilityGlobals) = postSolution
		SolutionGuid = {E3140255-5CA8-4A63-8954-75F6EC3429BF}
	EndGlobalSection
EndGlobal
